// !$*UTF8*$!
{
	archiveVersion = 1;
	classes = {
	};
	objectVersion = 77;
	objects = {

/* Begin PBXBuildFile section */
		458018CC2FC6054F00AE9024 /* FieldwireAPIClient.swift in Sources */ = {isa = PBXBuildFile; fileRef = 458018CB2FC6054300AE9024 /* FieldwireAPIClient.swift */; };
		459FDAD02F86000F00333FB3 /* BluetoothManager.swift in Sources */ = {isa = PBXBuildFile; fileRef = 459FDACF2F86000F00333FB3 /* BluetoothManager.swift */; };
		45D584BF2F6004F400901DBF /* AppModels.swift in Sources */ = {isa = PBXBuildFile; fileRef = 45D584BB2F6004F400901DBF /* AppModels.swift */; };
		45D584C02F6004F400901DBF /* AppSupport.swift in Sources */ = {isa = PBXBuildFile; fileRef = 45D584BC2F6004F400901DBF /* AppSupport.swift */; };
		45D584C12F6004F400901DBF /* AuthViews.swift in Sources */ = {isa = PBXBuildFile; fileRef = 45D584BD2F6004F400901DBF /* AuthViews.swift */; };
		45D584C22F6004F400901DBF /* ContentView.swift in Sources */ = {isa = PBXBuildFile; fileRef = 45D584BE2F6004F400901DBF /* ContentView.swift */; };
		45D584C52F6006C500901DBF /* ManagerViews.swift in Sources */ = {isa = PBXBuildFile; fileRef = 45D584C32F6006C500901DBF /* ManagerViews.swift */; };
		45D584C62F6006C500901DBF /* WorkerViews.swift in Sources */ = {isa = PBXBuildFile; fileRef = 45D584C42F6006C500901DBF /* WorkerViews.swift */; };
		45D584C82F600C5C00901DBF /* SectionParticipantViews.swift in Sources */ = {isa = PBXBuildFile; fileRef = 45D584C72F600C5C00901DBF /* SectionParticipantViews.swift */; };
/* End PBXBuildFile section */

/* Begin PBXFileReference section */
		458018CB2FC6054300AE9024 /* FieldwireAPIClient.swift */ = {isa = PBXFileReference; lastKnownFileType = sourcecode.swift; path = FieldwireAPIClient.swift; sourceTree = "<group>"; };
		459FDACF2F86000F00333FB3 /* BluetoothManager.swift */ = {isa = PBXFileReference; lastKnownFileType = sourcecode.swift; path = BluetoothManager.swift; sourceTree = "<group>"; };
		45D584BB2F6004F400901DBF /* AppModels.swift */ = {isa = PBXFileReference; lastKnownFileType = sourcecode.swift; path = AppModels.swift; sourceTree = "<group>"; };
		45D584BC2F6004F400901DBF /* AppSupport.swift */ = {isa = PBXFileReference; lastKnownFileType = sourcecode.swift; path = AppSupport.swift; sourceTree = "<group>"; };
		45D584BD2F6004F400901DBF /* AuthViews.swift */ = {isa = PBXFileReference; lastKnownFileType = sourcecode.swift; path = AuthViews.swift; sourceTree = "<group>"; };
		45D584BE2F6004F400901DBF /* ContentView.swift */ = {isa = PBXFileReference; lastKnownFileType = sourcecode.swift; path = ContentView.swift; sourceTree = "<group>"; };
		45D584C32F6006C500901DBF /* ManagerViews.swift */ = {isa = PBXFileReference; lastKnownFileType = sourcecode.swift; path = ManagerViews.swift; sourceTree = "<group>"; };
		45D584C42F6006C500901DBF /* WorkerViews.swift */ = {isa = PBXFileReference; lastKnownFileType = sourcecode.swift; path = WorkerViews.swift; sourceTree = "<group>"; };
		45D584C72F600C5C00901DBF /* SectionParticipantViews.swift */ = {isa = PBXFileReference; lastKnownFileType = sourcecode.swift; path = SectionParticipantViews.swift; sourceTree = "<group>"; };
		45E0AF322F5FB9FF00E75C28 /* ARCLink.app */ = {isa = PBXFileReference; explicitFileType = wrapper.application; includeInIndex = 0; path = ARCLink.app; sourceTree = BUILT_PRODUCTS_DIR; };
		F67393CE2F63A92B00E5508A /* ARCLink-Info.plist */ = {isa = PBXFileReference; lastKnownFileType = text.plist; path = "ARCLink-Info.plist"; sourceTree = "<group>"; };
/* End PBXFileReference section */

/* Begin PBXFileSystemSynchronizedRootGroup section */
		45E0AF342F5FB9FF00E75C28 /* test */ = {
			isa = PBXFileSystemSynchronizedRootGroup;
			path = test;
			sourceTree = "<group>";
		};
/* End PBXFileSystemSynchronizedRootGroup section */

/* Begin PBXFrameworksBuildPhase section */
		45E0AF2F2F5FB9FF00E75C28 /* Frameworks */ = {
			isa = PBXFrameworksBuildPhase;
			buildActionMask = 2147483647;
			files = (
			);
			runOnlyForDeploymentPostprocessing = 0;
		};
/* End PBXFrameworksBuildPhase section */

/* Begin PBXGroup section */
		45E0AF292F5FB9FF00E75C28 = {
			isa = PBXGroup;
			children = (
				458018CB2FC6054300AE9024 /* FieldwireAPIClient.swift */,
				F67393CE2F63A92B00E5508A /* ARCLink-Info.plist */,
				45D584BB2F6004F400901DBF /* AppModels.swift */,
				45D584BC2F6004F400901DBF /* AppSupport.swift */,
				45D584BD2F6004F400901DBF /* AuthViews.swift */,
				459FDACF2F86000F00333FB3 /* BluetoothManager.swift */,
				45D584BE2F6004F400901DBF /* ContentView.swift */,
				45D584C32F6006C500901DBF /* ManagerViews.swift */,
				45D584C72F600C5C00901DBF /* SectionParticipantViews.swift */,
				45D584C42F6006C500901DBF /* WorkerViews.swift */,
				45E0AF332F5FB9FF00E75C28 /* Products */,
				45E0AF342F5FB9FF00E75C28 /* test */,
			);
			sourceTree = "<group>";
		};
		45E0AF332F5FB9FF00E75C28 /* Products */ = {
			isa = PBXGroup;
			children = (
				45E0AF322F5FB9FF00E75C28 /* ARCLink.app */,
			);
			name = Products;
			sourceTree = "<group>";
		};
/* End PBXGroup section */

/* Begin PBXNativeTarget section */
		45E0AF312F5FB9FF00E75C28 /* ARCLink */ = {
			isa = PBXNativeTarget;
			buildConfigurationList = 45E0AF3D2F5FBA0000E75C28 /* Build configuration list for PBXNativeTarget "ARCLink" */;
			buildPhases = (
				45E0AF2E2F5FB9FF00E75C28 /* Sources */,
				45E0AF2F2F5FB9FF00E75C28 /* Frameworks */,
				45E0AF302F5FB9FF00E75C28 /* Resources */,
			);
			buildRules = (
			);
			dependencies = (
			);
			fileSystemSynchronizedGroups = (
				45E0AF342F5FB9FF00E75C28 /* test */,
			);
			name = ARCLink;
			packageProductDependencies = (
			);
			productName = test;
			productReference = 45E0AF322F5FB9FF00E75C28 /* ARCLink.app */;
			productType = "com.apple.product-type.application";
		};
/* End PBXNativeTarget section */

/* Begin PBXProject section */
		45E0AF2A2F5FB9FF00E75C28 /* Project object */ = {
			isa = PBXProject;
			attributes = {
				BuildIndependentTargetsInParallel = 1;
				LastSwiftUpdateCheck = 2630;
				LastUpgradeCheck = 2630;
				TargetAttributes = {
					45E0AF312F5FB9FF00E75C28 = {
						CreatedOnToolsVersion = 26.3;
					};
				};
			};
			buildConfigurationList = 45E0AF2D2F5FB9FF00E75C28 /* Build configuration list for PBXProject "ARCLink" */;
			developmentRegion = en;
			hasScannedForEncodings = 0;
			knownRegions = (
				en,
				Base,
			);
			mainGroup = 45E0AF292F5FB9FF00E75C28;
			minimizedProjectReferenceProxies = 1;
			preferredProjectObjectVersion = 77;
			productRefGroup = 45E0AF332F5FB9FF00E75C28 /* Products */;
			projectDirPath = "";
			projectRoot = "";
			targets = (
				45E0AF312F5FB9FF00E75C28 /* ARCLink */,
			);
		};
/* End PBXProject section */

/* Begin PBXResourcesBuildPhase section */
		45E0AF302F5FB9FF00E75C28 /* Resources */ = {
			isa = PBXResourcesBuildPhase;
			buildActionMask = 2147483647;
			files = (
			);
			runOnlyForDeploymentPostprocessing = 0;
		};
/* End PBXResourcesBuildPhase section */

/* Begin PBXSourcesBuildPhase section */
		45E0AF2E2F5FB9FF00E75C28 /* Sources */ = {
			isa = PBXSourcesBuildPhase;
			buildActionMask = 2147483647;
			files = (
				45D584BF2F6004F400901DBF /* AppModels.swift in Sources */,
				45D584C02F6004F400901DBF /* AppSupport.swift in Sources */,
				45D584C82F600C5C00901DBF /* SectionParticipantViews.swift in Sources */,
				45D584C12F6004F400901DBF /* AuthViews.swift in Sources */,
				45D584C52F6006C500901DBF /* ManagerViews.swift in Sources */,
				45D584C62F6006C500901DBF /* WorkerViews.swift in Sources */,
				458018CC2FC6054F00AE9024 /* FieldwireAPIClient.swift in Sources */,
				459FDAD02F86000F00333FB3 /* BluetoothManager.swift in Sources */,
				45D584C22F6004F400901DBF /* ContentView.swift in Sources */,
			);
			runOnlyForDeploymentPostprocessing = 0;
		};
/* End PBXSourcesBuildPhase section */

/* Begin XCBuildConfiguration section */
		45E0AF3B2F5FBA0000E75C28 /* Debug */ = {
			isa = XCBuildConfiguration;
			buildSettings = {
				ALWAYS_SEARCH_USER_PATHS = NO;
				ASSETCATALOG_COMPILER_GENERATE_SWIFT_ASSET_SYMBOL_EXTENSIONS = YES;
				CLANG_ANALYZER_NONNULL = YES;
				CLANG_ANALYZER_NUMBER_OBJECT_CONVERSION = YES_AGGRESSIVE;
				CLANG_CXX_LANGUAGE_STANDARD = "gnu++20";
				CLANG_ENABLE_MODULES = YES;
				CLANG_ENABLE_OBJC_ARC = YES;
				CLANG_ENABLE_OBJC_WEAK = YES;
				CLANG_WARN_BLOCK_CAPTURE_AUTORELEASING = YES;
				CLANG_WARN_BOOL_CONVERSION = YES;
				CLANG_WARN_COMMA = YES;
				CLANG_WARN_CONSTANT_CONVERSION = YES;
				CLANG_WARN_DEPRECATED_OBJC_IMPLEMENTATIONS = YES;
				CLANG_WARN_DIRECT_OBJC_ISA_USAGE = YES_ERROR;
				CLANG_WARN_DOCUMENTATION_COMMENTS = YES;
				CLANG_WARN_EMPTY_BODY = YES;
				CLANG_WARN_ENUM_CONVERSION = YES;
				CLANG_WARN_INFINITE_RECURSION = YES;
				CLANG_WARN_INT_CONVERSION = YES;
				CLANG_WARN_NON_LITERAL_NULL_CONVERSION = YES;
				CLANG_WARN_OBJC_IMPLICIT_RETAIN_SELF = YES;
				CLANG_WARN_OBJC_LITERAL_CONVERSION = YES;
				CLANG_WARN_OBJC_ROOT_CLASS = YES_ERROR;
				CLANG_WARN_QUOTED_INCLUDE_IN_FRAMEWORK_HEADER = YES;
				CLANG_WARN_RANGE_LOOP_ANALYSIS = YES;
				CLANG_WARN_STRICT_PROTOTYPES = YES;
				CLANG_WARN_SUSPICIOUS_MOVE = YES;
				CLANG_WARN_UNGUARDED_AVAILABILITY = YES_AGGRESSIVE;
				CLANG_WARN_UNREACHABLE_CODE = YES;
				CLANG_WARN__DUPLICATE_METHOD_MATCH = YES;
				COPY_PHASE_STRIP = NO;
				DEBUG_INFORMATION_FORMAT = dwarf;
				ENABLE_STRICT_OBJC_MSGSEND = YES;
				ENABLE_TESTABILITY = YES;
				ENABLE_USER_SCRIPT_SANDBOXING = YES;
				GCC_C_LANGUAGE_STANDARD = gnu17;
				GCC_DYNAMIC_NO_PIC = NO;
				GCC_NO_COMMON_BLOCKS = YES;
				GCC_OPTIMIZATION_LEVEL = 0;
				GCC_PREPROCESSOR_DEFINITIONS = (
					"DEBUG=1",
					"$(inherited)",
				);
				GCC_WARN_64_TO_32_BIT_CONVERSION = YES;
				GCC_WARN_ABOUT_RETURN_TYPE = YES_ERROR;
				GCC_WARN_UNDECLARED_SELECTOR = YES;
				GCC_WARN_UNINITIALIZED_AUTOS = YES_AGGRESSIVE;
				GCC_WARN_UNUSED_FUNCTION = YES;
				GCC_WARN_UNUSED_VARIABLE = YES;
				IPHONEOS_DEPLOYMENT_TARGET = 26.2;
				LOCALIZATION_PREFERS_STRING_CATALOGS = YES;
				MTL_ENABLE_DEBUG_INFO = INCLUDE_SOURCE;
				MTL_FAST_MATH = YES;
				ONLY_ACTIVE_ARCH = YES;
				SDKROOT = iphoneos;
				SWIFT_ACTIVE_COMPILATION_CONDITIONS = "DEBUG $(inherited)";
				SWIFT_OPTIMIZATION_LEVEL = "-Onone";
			};
			name = Debug;
		};
		45E0AF3C2F5FBA0000E75C28 /* Release */ = {
			isa = XCBuildConfiguration;
			buildSettings = {
				ALWAYS_SEARCH_USER_PATHS = NO;
				ASSETCATALOG_COMPILER_GENERATE_SWIFT_ASSET_SYMBOL_EXTENSIONS = YES;
				CLANG_ANALYZER_NONNULL = YES;
				CLANG_ANALYZER_NUMBER_OBJECT_CONVERSION = YES_AGGRESSIVE;
				CLANG_CXX_LANGUAGE_STANDARD = "gnu++20";
				CLANG_ENABLE_MODULES = YES;
				CLANG_ENABLE_OBJC_ARC = YES;
				CLANG_ENABLE_OBJC_WEAK = YES;
				CLANG_WARN_BLOCK_CAPTURE_AUTORELEASING = YES;
				CLANG_WARN_BOOL_CONVERSION = YES;
				CLANG_WARN_COMMA = YES;
				CLANG_WARN_CONSTANT_CONVERSION = YES;
				CLANG_WARN_DEPRECATED_OBJC_IMPLEMENTATIONS = YES;
				CLANG_WARN_DIRECT_OBJC_ISA_USAGE = YES_ERROR;
				CLANG_WARN_DOCUMENTATION_COMMENTS = YES;
				CLANG_WARN_EMPTY_BODY = YES;
				CLANG_WARN_ENUM_CONVERSION = YES;
				CLANG_WARN_INFINITE_RECURSION = YES;
				CLANG_WARN_INT_CONVERSION = YES;
				CLANG_WARN_NON_LITERAL_NULL_CONVERSION = YES;
				CLANG_WARN_OBJC_IMPLICIT_RETAIN_SELF = YES;
				CLANG_WARN_OBJC_LITERAL_CONVERSION = YES;
				CLANG_WARN_OBJC_ROOT_CLASS = YES_ERROR;
				CLANG_WARN_QUOTED_INCLUDE_IN_FRAMEWORK_HEADER = YES;
				CLANG_WARN_RANGE_LOOP_ANALYSIS = YES;
				CLANG_WARN_STRICT_PROTOTYPES = YES;
				CLANG_WARN_SUSPICIOUS_MOVE = YES;
				CLANG_WARN_UNGUARDED_AVAILABILITY = YES_AGGRESSIVE;
				CLANG_WARN_UNREACHABLE_CODE = YES;
				CLANG_WARN__DUPLICATE_METHOD_MATCH = YES;
				COPY_PHASE_STRIP = NO;
				DEBUG_INFORMATION_FORMAT = "dwarf-with-dsym";
				ENABLE_NS_ASSERTIONS = NO;
				ENABLE_STRICT_OBJC_MSGSEND = YES;
				ENABLE_USER_SCRIPT_SANDBOXING = YES;
				GCC_C_LANGUAGE_STANDARD = gnu17;
				GCC_NO_COMMON_BLOCKS = YES;
				GCC_WARN_64_TO_32_BIT_CONVERSION = YES;
				GCC_WARN_ABOUT_RETURN_TYPE = YES_ERROR;
				GCC_WARN_UNDECLARED_SELECTOR = YES;
				GCC_WARN_UNINITIALIZED_AUTOS = YES_AGGRESSIVE;
				GCC_WARN_UNUSED_FUNCTION = YES;
				GCC_WARN_UNUSED_VARIABLE = YES;
				IPHONEOS_DEPLOYMENT_TARGET = 26.2;
				LOCALIZATION_PREFERS_STRING_CATALOGS = YES;
				MTL_ENABLE_DEBUG_INFO = NO;
				MTL_FAST_MATH = YES;
				SDKROOT = iphoneos;
				SWIFT_COMPILATION_MODE = wholemodule;
				VALIDATE_PRODUCT = YES;
			};
			name = Release;
		};
		45E0AF3E2F5FBA0000E75C28 /* Debug */ = {
			isa = XCBuildConfiguration;
			buildSettings = {
				ASSETCATALOG_COMPILER_APPICON_NAME = AppIcon;
				ASSETCATALOG_COMPILER_GLOBAL_ACCENT_COLOR_NAME = AccentColor;
				CODE_SIGN_STYLE = Automatic;
				CURRENT_PROJECT_VERSION = 1;
				DEVELOPMENT_TEAM = 67826H52KV;
				ENABLE_PREVIEWS = YES;
				GENERATE_INFOPLIST_FILE = YES;
				INFOPLIST_FILE = "ARCLink-Info.plist";
				INFOPLIST_KEY_CFBundleDisplayName = "ARC Link";
				INFOPLIST_KEY_LSApplicationCategoryType = "public.app-category.productivity";
				INFOPLIST_KEY_NSBluetoothAlwaysUsageDescription = "Connect to visor";
				INFOPLIST_KEY_NSBluetoothPeripheralUsageDescription = "Connect to visor";
				INFOPLIST_KEY_UIApplicationSceneManifest_Generation = YES;
				INFOPLIST_KEY_UIApplicationSupportsIndirectInputEvents = YES;
				INFOPLIST_KEY_UILaunchScreen_Generation = YES;
				INFOPLIST_KEY_UISupportedInterfaceOrientations_iPad = "UIInterfaceOrientationPortrait UIInterfaceOrientationPortraitUpsideDown UIInterfaceOrientationLandscapeLeft UIInterfaceOrientationLandscapeRight";
				INFOPLIST_KEY_UISupportedInterfaceOrientations_iPhone = "UIInterfaceOrientationPortrait UIInterfaceOrientationLandscapeLeft UIInterfaceOrientationLandscapeRight";
				IPHONEOS_DEPLOYMENT_TARGET = 17.6;
				LD_RUNPATH_SEARCH_PATHS = (
					"$(inherited)",
					"@executable_path/Frameworks",
				);
				MARKETING_VERSION = 1.0;
				PRODUCT_BUNDLE_IDENTIFIER = com.emiliavu.ARCLink;
				PRODUCT_NAME = "$(TARGET_NAME)";
				STRING_CATALOG_GENERATE_SYMBOLS = YES;
				SWIFT_APPROACHABLE_CONCURRENCY = YES;
				SWIFT_DEFAULT_ACTOR_ISOLATION = MainActor;
				SWIFT_EMIT_LOC_STRINGS = YES;
				SWIFT_UPCOMING_FEATURE_MEMBER_IMPORT_VISIBILITY = YES;
				SWIFT_VERSION = 5.0;
				TARGETED_DEVICE_FAMILY = "1,2";
			};
			name = Debug;
		};
		45E0AF3F2F5FBA0000E75C28 /* Release */ = {
			isa = XCBuildConfiguration;
			buildSettings = {
				ASSETCATALOG_COMPILER_APPICON_NAME = AppIcon;
				ASSETCATALOG_COMPILER_GLOBAL_ACCENT_COLOR_NAME = AccentColor;
				CODE_SIGN_STYLE = Automatic;
				CURRENT_PROJECT_VERSION = 1;
				DEVELOPMENT_TEAM = 67826H52KV;
				ENABLE_PREVIEWS = YES;
				GENERATE_INFOPLIST_FILE = YES;
				INFOPLIST_FILE = "ARCLink-Info.plist";
				INFOPLIST_KEY_CFBundleDisplayName = "ARC Link";
				INFOPLIST_KEY_LSApplicationCategoryType = "public.app-category.productivity";
				INFOPLIST_KEY_NSBluetoothAlwaysUsageDescription = "Connect to visor";
				INFOPLIST_KEY_NSBluetoothPeripheralUsageDescription = "Connect to visor";
				INFOPLIST_KEY_UIApplicationSceneManifest_Generation = YES;
				INFOPLIST_KEY_UIApplicationSupportsIndirectInputEvents = YES;
				INFOPLIST_KEY_UILaunchScreen_Generation = YES;
				INFOPLIST_KEY_UISupportedInterfaceOrientations_iPad = "UIInterfaceOrientationPortrait UIInterfaceOrientationPortraitUpsideDown UIInterfaceOrientationLandscapeLeft UIInterfaceOrientationLandscapeRight";
				INFOPLIST_KEY_UISupportedInterfaceOrientations_iPhone = "UIInterfaceOrientationPortrait UIInterfaceOrientationLandscapeLeft UIInterfaceOrientationLandscapeRight";
				IPHONEOS_DEPLOYMENT_TARGET = 17.6;
				LD_RUNPATH_SEARCH_PATHS = (
					"$(inherited)",
					"@executable_path/Frameworks",
				);
				MARKETING_VERSION = 1.0;
				PRODUCT_BUNDLE_IDENTIFIER = com.emiliavu.ARCLink;
				PRODUCT_NAME = "$(TARGET_NAME)";
				STRING_CATALOG_GENERATE_SYMBOLS = YES;
				SWIFT_APPROACHABLE_CONCURRENCY = YES;
				SWIFT_DEFAULT_ACTOR_ISOLATION = MainActor;
				SWIFT_EMIT_LOC_STRINGS = YES;
				SWIFT_UPCOMING_FEATURE_MEMBER_IMPORT_VISIBILITY = YES;
				SWIFT_VERSION = 5.0;
				TARGETED_DEVICE_FAMILY = "1,2";
			};
			name = Release;
		};
/* End XCBuildConfiguration section */

/* Begin XCConfigurationList section */
		45E0AF2D2F5FB9FF00E75C28 /* Build configuration list for PBXProject "ARCLink" */ = {
			isa = XCConfigurationList;
			buildConfigurations = (
				45E0AF3B2F5FBA0000E75C28 /* Debug */,
				45E0AF3C2F5FBA0000E75C28 /* Release */,
			);
			defaultConfigurationIsVisible = 0;
			defaultConfigurationName = Release;
		};
		45E0AF3D2F5FBA0000E75C28 /* Build configuration list for PBXNativeTarget "ARCLink" */ = {
			isa = XCConfigurationList;
			buildConfigurations = (
				45E0AF3E2F5FBA0000E75C28 /* Debug */,
				45E0AF3F2F5FBA0000E75C28 /* Release */,
			);
			defaultConfigurationIsVisible = 0;
			defaultConfigurationName = Release;
		};
/* End XCConfigurationList section */
	};
	rootObject = 45E0AF2A2F5FB9FF00E75C28 /* Project object */;
}
